{
  "name": "whereismybuddy",
  "version": "0.0.1",
  "lockfileVersion": 3,
  "requires": true,
  "packages": {
    "": {
      "name": "whereismybuddy",
      "version": "0.0.1",
      "devDependencies": {
        "husky": "^9.1.4",
        "react-router-dom": "^6.26.0"
      }
    },
    "node_modules/@remix-run/router": {
      "version": "1.19.1",
      "resolved": "https://registry.npmjs.org/@remix-run/router/-/router-1.19.1.tgz",
      "integrity": "sha512-S45oynt/WH19bHbIXjtli6QmwNYvaz+vtnubvNpNDvUOoA/OWh6j1OikIP3G+v5GHdxyC6EXoChG3HgYGEUfcg==",
      "dev": true,
      "license": "MIT",
      "engines": {
        "node": ">=14.0.0"
      }
    },
    "node_modules/husky": {
      "version": "9.1.4",
      "resolved": "https://registry.npmjs.org/husky/-/husky-9.1.4.tgz",
      "integrity": "sha512-bho94YyReb4JV7LYWRWxZ/xr6TtOTt8cMfmQ39MQYJ7f/YE268s3GdghGwi+y4zAeqewE5zYLvuhV0M0ijsDEA==",
      "dev": true,
      "license": "MIT",
      "bin": {
        "husky": "bin.js"
      },
      "engines": {
        "node": ">=18"
      },
      "funding": {
        "url": "https://github.com/sponsors/typicode"
      }
    },
    "node_modules/react-router": {
      "version": "6.26.1",
      "resolved": "https://registry.npmjs.org/react-router/-/react-router-6.26.1.tgz",
      "integrity": "sha512-kIwJveZNwp7teQRI5QmwWo39A5bXRyqpH0COKKmPnyD2vBvDwgFXSqDUYtt1h+FEyfnE8eXr7oe0MxRzVwCcvQ==",
      "dev": true,
      "license": "MIT",
      "dependencies": {
        "@remix-run/router": "1.19.1"
      },
      "engines": {
        "node": ">=14.0.0"
      },
      "peerDependencies": {
        "react": ">=16.8"
      }
    },
    "node_modules/react-router-dom": {
      "version": "6.26.1",
      "resolved": "https://registry.npmjs.org/react-router-dom/-/react-router-dom-6.26.1.tgz",
      "integrity": "sha512-veut7m41S1fLql4pLhxeSW3jlqs+4MtjRLj0xvuCEXsxusJCbs6I8yn9BxzzDX2XDgafrccY6hwjmd/bL54tFw==",
      "dev": true,
      "license": "MIT",
      "dependencies": {
        "@remix-run/router": "1.19.1",
        "react-router": "6.26.1"
      },
      "engines": {
        "node": ">=14.0.0"
      },
      "peerDependencies": {
        "react": ">=16.8",
        "react-dom": ">=16.8"
      }
    }
  }
}
